
Microsoft Visual Studio Solution File, Format Version 12.00
# Visual Studio 15
VisualStudioVersion = 15.0.27428.2037
MinimumVisualStudioVersion = 10.0.40219.1
Project("{8BC9CEB8-8B4A-11D0-8D11-00A0C91BC942}") = "Ratatouille", "Ratatouille\Ratatouille.vcxproj", "{626D23D4-AB0D-40AD-8432-03279A051B5E}"
EndProject
Project("{8BC9CEB8-8B4A-11D0-8D11-00A0C91BC942}") = "RestApi", "RestApi\RestApi.vcxproj", "{C97540E3-4843-4870-82FE-A7A93BBB1F87}"
EndProject
Global
	GlobalSection(SolutionConfigurationPlatforms) = preSolution
		Debug|Any CPU = Debug|Any CPU
		Debug|x64 = Debug|x64
		Debug|x86 = Debug|x86
		Release|Any CPU = Release|Any CPU
		Release|x64 = Release|x64
		Release|x86 = Release|x86
	EndGlobalSection
	GlobalSection(ProjectConfigurationPlatforms) = postSolution
		{626D23D4-AB0D-40AD-8432-03279A051B5E}.Debug|Any CPU.ActiveCfg = Debug|Win32
		{626D23D4-AB0D-40AD-8432-03279A051B5E}.Debug|x64.ActiveCfg = Debug|x64
		{626D23D4-AB0D-40AD-8432-03279A051B5E}.Debug|x64.Build.0 = Debug|x64
		{626D23D4-AB0D-40AD-8432-03279A051B5E}.Debug|x86.ActiveCfg = Debug|Win32
		{626D23D4-AB0D-40AD-8432-03279A051B5E}.Debug|x86.Build.0 = Debug|Win32
		{626D23D4-AB0D-40AD-8432-03279A051B5E}.Release|Any CPU.ActiveCfg = Release|Win32
		{626D23D4-AB0D-40AD-8432-03279A051B5E}.Release|x64.ActiveCfg = Release|x64
		{626D23D4-AB0D-40AD-8432-03279A051B5E}.Release|x64.Build.0 = Release|x64
		{626D23D4-AB0D-40AD-8432-03279A051B5E}.Release|x86.ActiveCfg = Release|Win32
		{626D23D4-AB0D-40AD-8432-03279A051B5E}.Release|x86.Build.0 = Release|Win32
		{C97540E3-4843-4870-82FE-A7A93BBB1F87}.Debug|Any CPU.ActiveCfg = Debug|Win32
		{C97540E3-4843-4870-82FE-A7A93BBB1F87}.Debug|x64.ActiveCfg = Debug|x64
		{C97540E3-4843-4870-82FE-A7A93BBB1F87}.Debug|x64.Build.0 = Debug|x64
		{C97540E3-4843-4870-82FE-A7A93BBB1F87}.Debug|x86.ActiveCfg = Debug|Win32
		{C97540E3-4843-4870-82FE-A7A93BBB1F87}.Debug|x86.Build.0 = Debug|Win32
		{C97540E3-4843-4870-82FE-A7A93BBB1F87}.Release|Any CPU.ActiveCfg = Release|Win32
		{C97540E3-4843-4870-82FE-A7A93BBB1F87}.Release|x64.ActiveCfg = Release|x64
		{C97540E3-4843-4870-82FE-A7A93BBB1F87}.Release|x64.Build.0 = Release|x64
		{C97540E3-4843-4870-82FE-A7A93BBB1F87}.Release|x86.ActiveCfg = Release|Win32
		{C97540E3-4843-4870-82FE-A7A93BBB1F87}.Release|x86.Build.0 = Release|Win32
	EndGlobalSection
	GlobalSection(SolutionProperties) = preSolution
		HideSolutionNode = FALSE
	EndGlobalSection
	GlobalSection(ExtensibilityGlobals) = postSolution
		SolutionGuid = {375A5F0E-5ABD-42DB-B0DB-DAA1B658984E}
	EndGlobalSection
EndGlobal
